
Microsoft Visual Studio Solution File, Format Version 12.00
# Visual Studio Version 16
VisualStudioVersion = 16.0.31025.194
MinimumVisualStudioVersion = 10.0.40219.1
Project("{FAE04EC0-301F-11D3-BF4B-00C04F79EFBC}") = "VisitorManagementSystem", "VisitorManagementSystem.csproj", "{68C3E58C-1166-467E-89B2-9AFD2787F487}"
EndProject
Global
	GlobalSection(SolutionConfigurationPlatforms) = preSolution
		Debug|Any CPU = Debug|Any CPU
		Release|Any CPU = Release|Any CPU
	EndGlobalSection
	GlobalSection(ProjectConfigurationPlatforms) = postSolution
		{68C3E58C-1166-467E-89B2-9AFD2787F487}.Debug|Any CPU.ActiveCfg = Debug|Any CPU
		{68C3E58C-1166-467E-89B2-9AFD2787F487}.Debug|Any CPU.Build.0 = Debug|Any CPU
		{68C3E58C-1166-467E-89B2-9AFD2787F487}.Release|Any CPU.ActiveCfg = Release|Any CPU
		{68C3E58C-1166-467E-89B2-9AFD2787F487}.Release|Any CPU.Build.0 = Release|Any CPU
	EndGlobalSection
	GlobalSection(SolutionProperties) = preSolution
		HideSolutionNode = FALSE
	EndGlobalSection
	GlobalSection(ExtensibilityGlobals) = postSolution
		SolutionGuid = {F7D4AD66-17EC-4CBA-9B9D-146BDD12C10A}
	EndGlobalSection
EndGlobal
